
Microsoft Visual Studio Solution File, Format Version 11.00
# Visual Studio 2010
Project("{FAE04EC0-301F-11D3-BF4B-00C04F79EFBC}") = "Assembly-CSharp", "Assembly-CSharp.csproj", "{DC955CFF-05EF-AABB-3866-C56A8316572D}"
EndProject
Project("{FAE04EC0-301F-11D3-BF4B-00C04F79EFBC}") = "Mirror", "Mirror.csproj", "{A766DD5A-FDC7-F906-DC37-918D6BF9EF14}"
EndProject
Project("{FAE04EC0-301F-11D3-BF4B-00C04F79EFBC}") = "Mirror.Examples", "Mirror.Examples.csproj", "{6EC33B55-3389-F2D8-7093-B556FED48016}"
EndProject
Project("{FAE04EC0-301F-11D3-BF4B-00C04F79EFBC}") = "Mirror.Components", "Mirror.Components.csproj", "{4B43F6C7-D6FA-F81B-277A-B37FE33249BB}"
EndProject
Project("{FAE04EC0-301F-11D3-BF4B-00C04F79EFBC}") = "Mirror.Authenticators", "Mirror.Authenticators.csproj", "{D8A355AA-723D-2496-CB44-E453ED6F31C2}"
EndProject
Project("{FAE04EC0-301F-11D3-BF4B-00C04F79EFBC}") = "Mirror.Weaver", "Mirror.Weaver.csproj", "{41F0B925-BBC4-C8EA-0B01-97F9660B5DEF}"
EndProject
Project("{FAE04EC0-301F-11D3-BF4B-00C04F79EFBC}") = "Mirror.Editor", "Mirror.Editor.csproj", "{005D6E66-DEB4-0498-14C5-A3D1D7C484C9}"
EndProject
Project("{FAE04EC0-301F-11D3-BF4B-00C04F79EFBC}") = "Mirror.Tests", "Mirror.Tests.csproj", "{3DA0040E-FD7B-CF4A-E95C-F81492837DE3}"
EndProject
Project("{FAE04EC0-301F-11D3-BF4B-00C04F79EFBC}") = "Mirror.CompilerSymbols", "Mirror.CompilerSymbols.csproj", "{4836E6EE-2CB5-A1CC-ABAA-5A1054B1D052}"
EndProject
Global
	GlobalSection(SolutionConfigurationPlatforms) = preSolution
		Debug|Any CPU = Debug|Any CPU
		Release|Any CPU = Release|Any CPU
	EndGlobalSection
	GlobalSection(ProjectConfigurationPlatforms) = postSolution
		{DC955CFF-05EF-AABB-3866-C56A8316572D}.Debug|Any CPU.ActiveCfg = Debug|Any CPU
		{DC955CFF-05EF-AABB-3866-C56A8316572D}.Debug|Any CPU.Build.0 = Debug|Any CPU
		{DC955CFF-05EF-AABB-3866-C56A8316572D}.Release|Any CPU.ActiveCfg = Release|Any CPU
		{DC955CFF-05EF-AABB-3866-C56A8316572D}.Release|Any CPU.Build.0 = Release|Any CPU
		{A766DD5A-FDC7-F906-DC37-918D6BF9EF14}.Debug|Any CPU.ActiveCfg = Debug|Any CPU
		{A766DD5A-FDC7-F906-DC37-918D6BF9EF14}.Debug|Any CPU.Build.0 = Debug|Any CPU
		{A766DD5A-FDC7-F906-DC37-918D6BF9EF14}.Release|Any CPU.ActiveCfg = Release|Any CPU
		{A766DD5A-FDC7-F906-DC37-918D6BF9EF14}.Release|Any CPU.Build.0 = Release|Any CPU
		{6EC33B55-3389-F2D8-7093-B556FED48016}.Debug|Any CPU.ActiveCfg = Debug|Any CPU
		{6EC33B55-3389-F2D8-7093-B556FED48016}.Debug|Any CPU.Build.0 = Debug|Any CPU
		{6EC33B55-3389-F2D8-7093-B556FED48016}.Release|Any CPU.ActiveCfg = Release|Any CPU
		{6EC33B55-3389-F2D8-7093-B556FED48016}.Release|Any CPU.Build.0 = Release|Any CPU
		{4B43F6C7-D6FA-F81B-277A-B37FE33249BB}.Debug|Any CPU.ActiveCfg = Debug|Any CPU
		{4B43F6C7-D6FA-F81B-277A-B37FE33249BB}.Debug|Any CPU.Build.0 = Debug|Any CPU
		{4B43F6C7-D6FA-F81B-277A-B37FE33249BB}.Release|Any CPU.ActiveCfg = Release|Any CPU
		{4B43F6C7-D6FA-F81B-277A-B37FE33249BB}.Release|Any CPU.Build.0 = Release|Any CPU
		{D8A355AA-723D-2496-CB44-E453ED6F31C2}.Debug|Any CPU.ActiveCfg = Debug|Any CPU
		{D8A355AA-723D-2496-CB44-E453ED6F31C2}.Debug|Any CPU.Build.0 = Debug|Any CPU
		{D8A355AA-723D-2496-CB44-E453ED6F31C2}.Release|Any CPU.ActiveCfg = Release|Any CPU
		{D8A355AA-723D-2496-CB44-E453ED6F31C2}.Release|Any CPU.Build.0 = Release|Any CPU
		{41F0B925-BBC4-C8EA-0B01-97F9660B5DEF}.Debug|Any CPU.ActiveCfg = Debug|Any CPU
		{41F0B925-BBC4-C8EA-0B01-97F9660B5DEF}.Debug|Any CPU.Build.0 = Debug|Any CPU
		{41F0B925-BBC4-C8EA-0B01-97F9660B5DEF}.Release|Any CPU.ActiveCfg = Release|Any CPU
		{41F0B925-BBC4-C8EA-0B01-97F9660B5DEF}.Release|Any CPU.Build.0 = Release|Any CPU
		{005D6E66-DEB4-0498-14C5-A3D1D7C484C9}.Debug|Any CPU.ActiveCfg = Debug|Any CPU
		{005D6E66-DEB4-0498-14C5-A3D1D7C484C9}.Debug|Any CPU.Build.0 = Debug|Any CPU
		{005D6E66-DEB4-0498-14C5-A3D1D7C484C9}.Release|Any CPU.ActiveCfg = Release|Any CPU
		{005D6E66-DEB4-0498-14C5-A3D1D7C484C9}.Release|Any CPU.Build.0 = Release|Any CPU
		{3DA0040E-FD7B-CF4A-E95C-F81492837DE3}.Debug|Any CPU.ActiveCfg = Debug|Any CPU
		{3DA0040E-FD7B-CF4A-E95C-F81492837DE3}.Debug|Any CPU.Build.0 = Debug|Any CPU
		{3DA0040E-FD7B-CF4A-E95C-F81492837DE3}.Release|Any CPU.ActiveCfg = Release|Any CPU
		{3DA0040E-FD7B-CF4A-E95C-F81492837DE3}.Release|Any CPU.Build.0 = Release|Any CPU
		{4836E6EE-2CB5-A1CC-ABAA-5A1054B1D052}.Debug|Any CPU.ActiveCfg = Debug|Any CPU
		{4836E6EE-2CB5-A1CC-ABAA-5A1054B1D052}.Debug|Any CPU.Build.0 = Debug|Any CPU
		{4836E6EE-2CB5-A1CC-ABAA-5A1054B1D052}.Release|Any CPU.ActiveCfg = Release|Any CPU
		{4836E6EE-2CB5-A1CC-ABAA-5A1054B1D052}.Release|Any CPU.Build.0 = Release|Any CPU
	EndGlobalSection
	GlobalSection(SolutionProperties) = preSolution
		HideSolutionNode = FALSE
	EndGlobalSection
EndGlobal
